{
  "name": "chatzip",
  "version": "0.1.0",
  "lockfileVersion": 3,
  "requires": true,
  "packages": {
    "": {
      "name": "chatzip",
      "version": "0.1.0",
      "license": "MIT",
      "dependencies": {
        "fast-ignore": "^1.1.3"
      },
      "bin": {
        "chatzip": "index.mjs"
      },
      "engines": {
        "node": ">=18"
      }
    },
    "node_modules/fast-ignore": {
      "version": "1.1.3",
      "resolved": "https://registry.npmjs.org/fast-ignore/-/fast-ignore-1.1.3.tgz",
      "integrity": "sha512-xTo4UbrOKfEQgOFlPaqFScodTV/Wf3KATEqCZZSMh6OP4bcez0lTsqww3n3/Fve1q9u0jmfDP0q0nOhH4POZEg==",
      "dependencies": {
        "grammex": "^3.1.2",
        "string-escape-regex": "^1.0.0"
      }
    },
    "node_modules/grammex": {
      "version": "3.1.12",
      "resolved": "https://registry.npmjs.org/grammex/-/grammex-3.1.12.tgz",
      "integrity": "sha512-6ufJOsSA7LcQehIJNCO7HIBykfM7DXQual0Ny780/DEcJIpBlHRvcqEBWGPYd7hrXL2GJ3oJI1MIhaXjWmLQOQ==",
      "license": "MIT"
    },
    "node_modules/string-escape-regex": {
      "version": "1.0.1",
      "resolved": "https://registry.npmjs.org/string-escape-regex/-/string-escape-regex-1.0.1.tgz",
      "integrity": "sha512-cdSXOHSJ32K/T2dbj9t7rJwonujaOkaINpa1zsXT+PNFIv1zuPjtr0tXanCvUhN2bIu2IB0z/C7ksl+Qsy44nA==",
      "license": "MIT"
    }
  }
}
